
Microsoft Visual Studio Solution File, Format Version 12.00
# Visual Studio 15
VisualStudioVersion = 15.0.28307.168
MinimumVisualStudioVersion = 10.0.40219.1
Project("{FAE04EC0-301F-11D3-BF4B-00C04F79EFBC}") = "Lab7_Alain_Sfeir", "Lab7_Alain_Sfeir.csproj", "{F1AADD56-C24C-46BF-89C8-8E48206B870C}"
EndProject
Global
	GlobalSection(SolutionConfigurationPlatforms) = preSolution
		Debug|Any CPU = Debug|Any CPU
		Release|Any CPU = Release|Any CPU
	EndGlobalSection
	GlobalSection(ProjectConfigurationPlatforms) = postSolution
		{F1AADD56-C24C-46BF-89C8-8E48206B870C}.Debug|Any CPU.ActiveCfg = Debug|Any CPU
		{F1AADD56-C24C-46BF-89C8-8E48206B870C}.Debug|Any CPU.Build.0 = Debug|Any CPU
		{F1AADD56-C24C-46BF-89C8-8E48206B870C}.Release|Any CPU.ActiveCfg = Release|Any CPU
		{F1AADD56-C24C-46BF-89C8-8E48206B870C}.Release|Any CPU.Build.0 = Release|Any CPU
	EndGlobalSection
	GlobalSection(SolutionProperties) = preSolution
		HideSolutionNode = FALSE
	EndGlobalSection
	GlobalSection(ExtensibilityGlobals) = postSolution
		SolutionGuid = {3E5F450A-BEC9-4791-8630-4B310AE9128C}
	EndGlobalSection
EndGlobal
